
Microsoft Visual Studio Solution File, Format Version 12.00
# Visual Studio Version 16
VisualStudioVersion = 16.0.31624.102
MinimumVisualStudioVersion = 10.0.40219.1
Project("{FAE04EC0-301F-11D3-BF4B-00C04F79EFBC}") = "BusinessDemo", "BusinessDemo\BusinessDemo.csproj", "{1292B4E2-E72C-47B3-B102-8A314B4207ED}"
EndProject
Project("{FAE04EC0-301F-11D3-BF4B-00C04F79EFBC}") = "DataAccessDemo", "DataAccessDemo\DataAccessDemo.csproj", "{8441A99A-5F13-4592-B95D-50AAFA0090CA}"
EndProject
Project("{FAE04EC0-301F-11D3-BF4B-00C04F79EFBC}") = "DemoWebAPI", "DemoWebAPI\DemoWebAPI.csproj", "{9EF8215E-5A7A-4767-A58B-410BD09F78C1}"
EndProject
Global
	GlobalSection(SolutionConfigurationPlatforms) = preSolution
		Debug|Any CPU = Debug|Any CPU
		Release|Any CPU = Release|Any CPU
	EndGlobalSection
	GlobalSection(ProjectConfigurationPlatforms) = postSolution
		{1292B4E2-E72C-47B3-B102-8A314B4207ED}.Debug|Any CPU.ActiveCfg = Debug|Any CPU
		{1292B4E2-E72C-47B3-B102-8A314B4207ED}.Debug|Any CPU.Build.0 = Debug|Any CPU
		{1292B4E2-E72C-47B3-B102-8A314B4207ED}.Release|Any CPU.ActiveCfg = Release|Any CPU
		{1292B4E2-E72C-47B3-B102-8A314B4207ED}.Release|Any CPU.Build.0 = Release|Any CPU
		{8441A99A-5F13-4592-B95D-50AAFA0090CA}.Debug|Any CPU.ActiveCfg = Debug|Any CPU
		{8441A99A-5F13-4592-B95D-50AAFA0090CA}.Debug|Any CPU.Build.0 = Debug|Any CPU
		{8441A99A-5F13-4592-B95D-50AAFA0090CA}.Release|Any CPU.ActiveCfg = Release|Any CPU
		{8441A99A-5F13-4592-B95D-50AAFA0090CA}.Release|Any CPU.Build.0 = Release|Any CPU
		{9EF8215E-5A7A-4767-A58B-410BD09F78C1}.Debug|Any CPU.ActiveCfg = Debug|Any CPU
		{9EF8215E-5A7A-4767-A58B-410BD09F78C1}.Debug|Any CPU.Build.0 = Debug|Any CPU
		{9EF8215E-5A7A-4767-A58B-410BD09F78C1}.Release|Any CPU.ActiveCfg = Release|Any CPU
		{9EF8215E-5A7A-4767-A58B-410BD09F78C1}.Release|Any CPU.Build.0 = Release|Any CPU
	EndGlobalSection
	GlobalSection(SolutionProperties) = preSolution
		HideSolutionNode = FALSE
	EndGlobalSection
	GlobalSection(ExtensibilityGlobals) = postSolution
		SolutionGuid = {EF298D6B-E835-4791-868D-FA3A64C6EE13}
	EndGlobalSection
EndGlobal
